
Microsoft Visual Studio Solution File, Format Version 12.00
# Visual Studio 15
Project("{FAE04EC0-301F-11D3-BF4B-00C04F79EFBC}") = "MyTestLibrary", "MyTestLibrary\MyTestLibrary.csproj", "{57517A87-D0D5-486D-8EA7-01D7DB6AD4C8}"
EndProject
Global
	GlobalSection(SolutionConfigurationPlatforms) = preSolution
		Debug|Any CPU = Debug|Any CPU
		Release|Any CPU = Release|Any CPU
	EndGlobalSection
	GlobalSection(ProjectConfigurationPlatforms) = postSolution
		{57517A87-D0D5-486D-8EA7-01D7DB6AD4C8}.Debug|Any CPU.ActiveCfg = Debug|Any CPU
		{57517A87-D0D5-486D-8EA7-01D7DB6AD4C8}.Debug|Any CPU.Build.0 = Debug|Any CPU
		{57517A87-D0D5-486D-8EA7-01D7DB6AD4C8}.Release|Any CPU.ActiveCfg = Release|Any CPU
		{57517A87-D0D5-486D-8EA7-01D7DB6AD4C8}.Release|Any CPU.Build.0 = Release|Any CPU
	EndGlobalSection
EndGlobal
